// !$*UTF8*$!
{
	archiveVersion = 1;
	classes = {
	};
	objectVersion = 46;
	objects = {

/* Begin PBXBuildFile section */
		A089FC1819A1A18200504A46 /* main.m in Sources */ = {isa = PBXBuildFile; fileRef = A089FC1719A1A18200504A46 /* main.m */; };
		A089FC1B19A1A18200504A46 /* AppDelegate.m in Sources */ = {isa = PBXBuildFile; fileRef = A089FC1A19A1A18200504A46 /* AppDelegate.m */; };
		A089FC4319A1D0F300504A46 /* ABCCollectionViewCell.m in Sources */ = {isa = PBXBuildFile; fileRef = A089FC4119A1D0F300504A46 /* ABCCollectionViewCell.m */; };
		A089FC4419A1D0F300504A46 /* ABCCollectionViewCell.xib in Resources */ = {isa = PBXBuildFile; fileRef = A089FC4219A1D0F300504A46 /* ABCCollectionViewCell.xib */; };
		A08F22FB19C6829200A3A3C7 /* TFHpple.m in Sources */ = {isa = PBXBuildFile; fileRef = A08F22F819C6829200A3A3C7 /* TFHpple.m */; };
		A08F22FC19C6829200A3A3C7 /* TFHppleElement.m in Sources */ = {isa = PBXBuildFile; fileRef = A08F22FA19C6829200A3A3C7 /* TFHppleElement.m */; };
		A08F22FF19C6829C00A3A3C7 /* XPathQuery.m in Sources */ = {isa = PBXBuildFile; fileRef = A08F22FE19C6829C00A3A3C7 /* XPathQuery.m */; };
		A08F230119C683B500A3A3C7 /* libxml2.dylib in Frameworks */ = {isa = PBXBuildFile; fileRef = A08F230019C683B400A3A3C7 /* libxml2.dylib */; };
		A08F230A19C68EFC00A3A3C7 /* HttpService.m in Sources */ = {isa = PBXBuildFile; fileRef = A08F230919C68EFC00A3A3C7 /* HttpService.m */; };
		A0B5487119C92E82007568CA /* ABCCollectionViewHeaderCell.m in Sources */ = {isa = PBXBuildFile; fileRef = A0B5486F19C92E82007568CA /* ABCCollectionViewHeaderCell.m */; };
		A0B5487219C92E82007568CA /* ABCCollectionViewHeaderCell.xib in Resources */ = {isa = PBXBuildFile; fileRef = A0B5487019C92E82007568CA /* ABCCollectionViewHeaderCell.xib */; };
		A0B5487519C9301E007568CA /* ABCCollectionViewController.m in Sources */ = {isa = PBXBuildFile; fileRef = A0B5487419C9301E007568CA /* ABCCollectionViewController.m */; };
		A0B5487819C93056007568CA /* ABCCollectionViewFlowLayout.m in Sources */ = {isa = PBXBuildFile; fileRef = A0B5487719C93056007568CA /* ABCCollectionViewFlowLayout.m */; };
		A0CE0F0219B8629B0008B345 /* ABCConfigurationViewController.m in Sources */ = {isa = PBXBuildFile; fileRef = A0CE0F0019B8629B0008B345 /* ABCConfigurationViewController.m */; };
		A0CE0F0319B8629B0008B345 /* ABCConfigurationViewController.xib in Resources */ = {isa = PBXBuildFile; fileRef = A0CE0F0119B8629B0008B345 /* ABCConfigurationViewController.xib */; };
		A0F772DD19B022D000013919 /* ABCCollectionViewFooterCell.xib in Resources */ = {isa = PBXBuildFile; fileRef = A0F772DC19B022D000013919 /* ABCCollectionViewFooterCell.xib */; };
		A0FC5BDD19AD7C6E003B4048 /* Station.m in Sources */ = {isa = PBXBuildFile; fileRef = A0FC5BDC19AD7C6E003B4048 /* Station.m */; };
/* End PBXBuildFile section */

/* Begin PBXFileReference section */
		A089FC1219A1A18200504A46 /* ABCNPIYDB.app */ = {isa = PBXFileReference; explicitFileType = wrapper.application; includeInIndex = 0; path = ABCNPIYDB.app; sourceTree = BUILT_PRODUCTS_DIR; };
		A089FC1619A1A18200504A46 /* Info.plist */ = {isa = PBXFileReference; lastKnownFileType = text.plist.xml; path = Info.plist; sourceTree = "<group>"; };
		A089FC1719A1A18200504A46 /* main.m */ = {isa = PBXFileReference; lastKnownFileType = sourcecode.c.objc; path = main.m; sourceTree = "<group>"; };
		A089FC1919A1A18200504A46 /* AppDelegate.h */ = {isa = PBXFileReference; lastKnownFileType = sourcecode.c.h; path = AppDelegate.h; sourceTree = "<group>"; };
		A089FC1A19A1A18200504A46 /* AppDelegate.m */ = {isa = PBXFileReference; lastKnownFileType = sourcecode.c.objc; path = AppDelegate.m; sourceTree = "<group>"; };
		A089FC1C19A1A18200504A46 /* Images.xcassets */ = {isa = PBXFileReference; lastKnownFileType = folder.assetcatalog; path = Images.xcassets; sourceTree = "<group>"; };
		A089FC4019A1D0F300504A46 /* ABCCollectionViewCell.h */ = {isa = PBXFileReference; fileEncoding = 4; lastKnownFileType = sourcecode.c.h; path = ABCCollectionViewCell.h; sourceTree = "<group>"; };
		A089FC4119A1D0F300504A46 /* ABCCollectionViewCell.m */ = {isa = PBXFileReference; fileEncoding = 4; lastKnownFileType = sourcecode.c.objc; path = ABCCollectionViewCell.m; sourceTree = "<group>"; };
		A089FC4219A1D0F300504A46 /* ABCCollectionViewCell.xib */ = {isa = PBXFileReference; fileEncoding = 4; lastKnownFileType = file.xib; path = ABCCollectionViewCell.xib; sourceTree = "<group>"; };
		A08F22F719C6829200A3A3C7 /* TFHpple.h */ = {isa = PBXFileReference; fileEncoding = 4; lastKnownFileType = sourcecode.c.h; path = TFHpple.h; sourceTree = "<group>"; };
		A08F22F819C6829200A3A3C7 /* TFHpple.m */ = {isa = PBXFileReference; fileEncoding = 4; lastKnownFileType = sourcecode.c.objc; path = TFHpple.m; sourceTree = "<group>"; };
		A08F22F919C6829200A3A3C7 /* TFHppleElement.h */ = {isa = PBXFileReference; fileEncoding = 4; lastKnownFileType = sourcecode.c.h; path = TFHppleElement.h; sourceTree = "<group>"; };
		A08F22FA19C6829200A3A3C7 /* TFHppleElement.m */ = {isa = PBXFileReference; fileEncoding = 4; lastKnownFileType = sourcecode.c.objc; path = TFHppleElement.m; sourceTree = "<group>"; };
		A08F22FD19C6829C00A3A3C7 /* XPathQuery.h */ = {isa = PBXFileReference; fileEncoding = 4; lastKnownFileType = sourcecode.c.h; path = XPathQuery.h; sourceTree = "<group>"; };
		A08F22FE19C6829C00A3A3C7 /* XPathQuery.m */ = {isa = PBXFileReference; fileEncoding = 4; lastKnownFileType = sourcecode.c.objc; path = XPathQuery.m; sourceTree = "<group>"; };
		A08F230019C683B400A3A3C7 /* libxml2.dylib */ = {isa = PBXFileReference; lastKnownFileType = "compiled.mach-o.dylib"; name = libxml2.dylib; path = usr/lib/libxml2.dylib; sourceTree = SDKROOT; };
		A08F230819C68EFC00A3A3C7 /* HttpService.h */ = {isa = PBXFileReference; fileEncoding = 4; lastKnownFileType = sourcecode.c.h; path = HttpService.h; sourceTree = "<group>"; };
		A08F230919C68EFC00A3A3C7 /* HttpService.m */ = {isa = PBXFileReference; fileEncoding = 4; lastKnownFileType = sourcecode.c.objc; path = HttpService.m; sourceTree = "<group>"; };
		A0B5486E19C92E82007568CA /* ABCCollectionViewHeaderCell.h */ = {isa = PBXFileReference; fileEncoding = 4; lastKnownFileType = sourcecode.c.h; path = ABCCollectionViewHeaderCell.h; sourceTree = "<group>"; };
		A0B5486F19C92E82007568CA /* ABCCollectionViewHeaderCell.m */ = {isa = PBXFileReference; fileEncoding = 4; lastKnownFileType = sourcecode.c.objc; path = ABCCollectionViewHeaderCell.m; sourceTree = "<group>"; };
		A0B5487019C92E82007568CA /* ABCCollectionViewHeaderCell.xib */ = {isa = PBXFileReference; fileEncoding = 4; lastKnownFileType = file.xib; path = ABCCollectionViewHeaderCell.xib; sourceTree = "<group>"; };
		A0B5487319C9301E007568CA /* ABCCollectionViewController.h */ = {isa = PBXFileReference; fileEncoding = 4; lastKnownFileType = sourcecode.c.h; path = ABCCollectionViewController.h; sourceTree = "<group>"; };
		A0B5487419C9301E007568CA /* ABCCollectionViewController.m */ = {isa = PBXFileReference; fileEncoding = 4; lastKnownFileType = sourcecode.c.objc; path = ABCCollectionViewController.m; sourceTree = "<group>"; };
		A0B5487619C93056007568CA /* ABCCollectionViewFlowLayout.h */ = {isa = PBXFileReference; fileEncoding = 4; lastKnownFileType = sourcecode.c.h; path = ABCCollectionViewFlowLayout.h; sourceTree = "<group>"; };
		A0B5487719C93056007568CA /* ABCCollectionViewFlowLayout.m */ = {isa = PBXFileReference; fileEncoding = 4; lastKnownFileType = sourcecode.c.objc; path = ABCCollectionViewFlowLayout.m; sourceTree = "<group>"; };
		A0CE0EFF19B8629B0008B345 /* ABCConfigurationViewController.h */ = {isa = PBXFileReference; fileEncoding = 4; lastKnownFileType = sourcecode.c.h; path = ABCConfigurationViewController.h; sourceTree = "<group>"; };
		A0CE0F0019B8629B0008B345 /* ABCConfigurationViewController.m */ = {isa = PBXFileReference; fileEncoding = 4; lastKnownFileType = sourcecode.c.objc; path = ABCConfigurationViewController.m; sourceTree = "<group>"; };
		A0CE0F0119B8629B0008B345 /* ABCConfigurationViewController.xib */ = {isa = PBXFileReference; fileEncoding = 4; lastKnownFileType = file.xib; path = ABCConfigurationViewController.xib; sourceTree = "<group>"; };
		A0F772DC19B022D000013919 /* ABCCollectionViewFooterCell.xib */ = {isa = PBXFileReference; fileEncoding = 4; lastKnownFileType = file.xib; path = ABCCollectionViewFooterCell.xib; sourceTree = "<group>"; };
		A0FC5BDB19AD7C63003B4048 /* Station.h */ = {isa = PBXFileReference; lastKnownFileType = sourcecode.c.h; path = Station.h; sourceTree = "<group>"; };
		A0FC5BDC19AD7C6E003B4048 /* Station.m */ = {isa = PBXFileReference; fileEncoding = 4; lastKnownFileType = sourcecode.c.objc; path = Station.m; sourceTree = "<group>"; };
/* End PBXFileReference section */

/* Begin PBXFrameworksBuildPhase section */
		A089FC0F19A1A18200504A46 /* Frameworks */ = {
			isa = PBXFrameworksBuildPhase;
			buildActionMask = 2147483647;
			files = (
				A08F230119C683B500A3A3C7 /* libxml2.dylib in Frameworks */,
			);
			runOnlyForDeploymentPostprocessing = 0;
		};
/* End PBXFrameworksBuildPhase section */

/* Begin PBXGroup section */
		A089FC0919A1A18200504A46 = {
			isa = PBXGroup;
			children = (
				A08F230019C683B400A3A3C7 /* libxml2.dylib */,
				A089FC1419A1A18200504A46 /* ABCNPIYDB */,
				A089FC1319A1A18200504A46 /* Products */,
			);
			sourceTree = "<group>";
		};
		A089FC1319A1A18200504A46 /* Products */ = {
			isa = PBXGroup;
			children = (
				A089FC1219A1A18200504A46 /* ABCNPIYDB.app */,
			);
			name = Products;
			sourceTree = "<group>";
		};
		A089FC1419A1A18200504A46 /* ABCNPIYDB */ = {
			isa = PBXGroup;
			children = (
				A08F22F619C6822E00A3A3C7 /* hpple */,
				A0F772DB19B0227800013919 /* Models */,
				A089FC1C19A1A18200504A46 /* Images.xcassets */,
				A0F772DA19B0224D00013919 /* UI */,
				A089FC3219A1A1F600504A46 /* Controllers */,
				A089FC1519A1A18200504A46 /* Supporting Files */,
			);
			path = ABCNPIYDB;
			sourceTree = "<group>";
		};
		A089FC1519A1A18200504A46 /* Supporting Files */ = {
			isa = PBXGroup;
			children = (
				A089FC1619A1A18200504A46 /* Info.plist */,
				A089FC1719A1A18200504A46 /* main.m */,
			);
			name = "Supporting Files";
			sourceTree = "<group>";
		};
		A089FC3219A1A1F600504A46 /* Controllers */ = {
			isa = PBXGroup;
			children = (
				A0CE0EFF19B8629B0008B345 /* ABCConfigurationViewController.h */,
				A0CE0F0019B8629B0008B345 /* ABCConfigurationViewController.m */,
				A0B5487619C93056007568CA /* ABCCollectionViewFlowLayout.h */,
				A0B5487719C93056007568CA /* ABCCollectionViewFlowLayout.m */,
				A0B5487319C9301E007568CA /* ABCCollectionViewController.h */,
				A0B5487419C9301E007568CA /* ABCCollectionViewController.m */,
				A0B5486E19C92E82007568CA /* ABCCollectionViewHeaderCell.h */,
				A0B5486F19C92E82007568CA /* ABCCollectionViewHeaderCell.m */,
				A089FC1919A1A18200504A46 /* AppDelegate.h */,
				A089FC1A19A1A18200504A46 /* AppDelegate.m */,
				A089FC4019A1D0F300504A46 /* ABCCollectionViewCell.h */,
				A089FC4119A1D0F300504A46 /* ABCCollectionViewCell.m */,
			);
			name = Controllers;
			sourceTree = "<group>";
		};
		A08F22F619C6822E00A3A3C7 /* hpple */ = {
			isa = PBXGroup;
			children = (
				A08F230819C68EFC00A3A3C7 /* HttpService.h */,
				A08F230919C68EFC00A3A3C7 /* HttpService.m */,
				A08F22FD19C6829C00A3A3C7 /* XPathQuery.h */,
				A08F22FE19C6829C00A3A3C7 /* XPathQuery.m */,
				A08F22F719C6829200A3A3C7 /* TFHpple.h */,
				A08F22F819C6829200A3A3C7 /* TFHpple.m */,
				A08F22F919C6829200A3A3C7 /* TFHppleElement.h */,
				A08F22FA19C6829200A3A3C7 /* TFHppleElement.m */,
			);
			name = hpple;
			sourceTree = "<group>";
		};
		A0F772DA19B0224D00013919 /* UI */ = {
			isa = PBXGroup;
			children = (
				A0B5487019C92E82007568CA /* ABCCollectionViewHeaderCell.xib */,
				A089FC4219A1D0F300504A46 /* ABCCollectionViewCell.xib */,
				A0F772DC19B022D000013919 /* ABCCollectionViewFooterCell.xib */,
				A0CE0F0119B8629B0008B345 /* ABCConfigurationViewController.xib */,
			);
			name = UI;
			sourceTree = "<group>";
		};
		A0F772DB19B0227800013919 /* Models */ = {
			isa = PBXGroup;
			children = (
				A0FC5BDB19AD7C63003B4048 /* Station.h */,
				A0FC5BDC19AD7C6E003B4048 /* Station.m */,
			);
			name = Models;
			sourceTree = "<group>";
		};
/* End PBXGroup section */

/* Begin PBXNativeTarget section */
		A089FC1119A1A18200504A46 /* ABCNPIYDB */ = {
			isa = PBXNativeTarget;
			buildConfigurationList = A089FC2C19A1A18200504A46 /* Build configuration list for PBXNativeTarget "ABCNPIYDB" */;
			buildPhases = (
				A089FC0E19A1A18200504A46 /* Sources */,
				A089FC0F19A1A18200504A46 /* Frameworks */,
				A089FC1019A1A18200504A46 /* Resources */,
			);
			buildRules = (
			);
			dependencies = (
			);
			name = ABCNPIYDB;
			productName = ABCNPIYDB;
			productReference = A089FC1219A1A18200504A46 /* ABCNPIYDB.app */;
			productType = "com.apple.product-type.application";
		};
/* End PBXNativeTarget section */

/* Begin PBXProject section */
		A089FC0A19A1A18200504A46 /* Project object */ = {
			isa = PBXProject;
			attributes = {
				LastUpgradeCheck = 0600;
				ORGANIZATIONNAME = Jabil;
				TargetAttributes = {
					A089FC1119A1A18200504A46 = {
						CreatedOnToolsVersion = 6.0;
						DevelopmentTeam = DK35C4L2FK;
					};
				};
			};
			buildConfigurationList = A089FC0D19A1A18200504A46 /* Build configuration list for PBXProject "ABCNPIYDB" */;
			compatibilityVersion = "Xcode 3.2";
			developmentRegion = English;
			hasScannedForEncodings = 0;
			knownRegions = (
				en,
			);
			mainGroup = A089FC0919A1A18200504A46;
			productRefGroup = A089FC1319A1A18200504A46 /* Products */;
			projectDirPath = "";
			projectRoot = "";
			targets = (
				A089FC1119A1A18200504A46 /* ABCNPIYDB */,
			);
		};
/* End PBXProject section */

/* Begin PBXResourcesBuildPhase section */
		A089FC1019A1A18200504A46 /* Resources */ = {
			isa = PBXResourcesBuildPhase;
			buildActionMask = 2147483647;
			files = (
				A0CE0F0319B8629B0008B345 /* ABCConfigurationViewController.xib in Resources */,
				A089FC4419A1D0F300504A46 /* ABCCollectionViewCell.xib in Resources */,
				A0B5487219C92E82007568CA /* ABCCollectionViewHeaderCell.xib in Resources */,
				A0F772DD19B022D000013919 /* ABCCollectionViewFooterCell.xib in Resources */,
			);
			runOnlyForDeploymentPostprocessing = 0;
		};
/* End PBXResourcesBuildPhase section */

/* Begin PBXSourcesBuildPhase section */
		A089FC0E19A1A18200504A46 /* Sources */ = {
			isa = PBXSourcesBuildPhase;
			buildActionMask = 2147483647;
			files = (
				A0CE0F0219B8629B0008B345 /* ABCConfigurationViewController.m in Sources */,
				A089FC1B19A1A18200504A46 /* AppDelegate.m in Sources */,
				A08F230A19C68EFC00A3A3C7 /* HttpService.m in Sources */,
				A0B5487519C9301E007568CA /* ABCCollectionViewController.m in Sources */,
				A0B5487119C92E82007568CA /* ABCCollectionViewHeaderCell.m in Sources */,
				A0FC5BDD19AD7C6E003B4048 /* Station.m in Sources */,
				A08F22FF19C6829C00A3A3C7 /* XPathQuery.m in Sources */,
				A08F22FC19C6829200A3A3C7 /* TFHppleElement.m in Sources */,
				A08F22FB19C6829200A3A3C7 /* TFHpple.m in Sources */,
				A089FC4319A1D0F300504A46 /* ABCCollectionViewCell.m in Sources */,
				A089FC1819A1A18200504A46 /* main.m in Sources */,
				A0B5487819C93056007568CA /* ABCCollectionViewFlowLayout.m in Sources */,
			);
			runOnlyForDeploymentPostprocessing = 0;
		};
/* End PBXSourcesBuildPhase section */

/* Begin XCBuildConfiguration section */
		A089FC2A19A1A18200504A46 /* Debug */ = {
			isa = XCBuildConfiguration;
			buildSettings = {
				ALWAYS_SEARCH_USER_PATHS = NO;
				CLANG_CXX_LANGUAGE_STANDARD = "gnu++0x";
				CLANG_CXX_LIBRARY = "libc++";
				CLANG_ENABLE_MODULES = YES;
				CLANG_ENABLE_OBJC_ARC = YES;
				CLANG_WARN_BOOL_CONVERSION = YES;
				CLANG_WARN_CONSTANT_CONVERSION = YES;
				CLANG_WARN_DIRECT_OBJC_ISA_USAGE = YES_ERROR;
				CLANG_WARN_EMPTY_BODY = YES;
				CLANG_WARN_ENUM_CONVERSION = YES;
				CLANG_WARN_INT_CONVERSION = YES;
				CLANG_WARN_OBJC_ROOT_CLASS = YES_ERROR;
				CLANG_WARN_UNREACHABLE_CODE = YES;
				CLANG_WARN__DUPLICATE_METHOD_MATCH = YES;
				"CODE_SIGN_IDENTITY[sdk=iphoneos*]" = "";
				COPY_PHASE_STRIP = NO;
				ENABLE_STRICT_OBJC_MSGSEND = YES;
				GCC_C_LANGUAGE_STANDARD = gnu99;
				GCC_DYNAMIC_NO_PIC = NO;
				GCC_OPTIMIZATION_LEVEL = 0;
				GCC_PREPROCESSOR_DEFINITIONS = (
					"DEBUG=1",
					"$(inherited)",
				);
				GCC_SYMBOLS_PRIVATE_EXTERN = NO;
				GCC_WARN_64_TO_32_BIT_CONVERSION = YES;
				GCC_WARN_ABOUT_RETURN_TYPE = YES_ERROR;
				GCC_WARN_UNDECLARED_SELECTOR = YES;
				GCC_WARN_UNINITIALIZED_AUTOS = YES_AGGRESSIVE;
				GCC_WARN_UNUSED_FUNCTION = YES;
				GCC_WARN_UNUSED_VARIABLE = YES;
				"HEADER_SEARCH_PATHS[arch=*]" = "$(SDKROOT)/usr/include/libxml2";
				IPHONEOS_DEPLOYMENT_TARGET = 8.0;
				METAL_ENABLE_DEBUG_INFO = YES;
				ONLY_ACTIVE_ARCH = YES;
				SDKROOT = iphoneos;
				TARGETED_DEVICE_FAMILY = "1,2";
				VALIDATE_PRODUCT = YES;
			};
			name = Debug;
		};
		A089FC2B19A1A18200504A46 /* Release */ = {
			isa = XCBuildConfiguration;
			buildSettings = {
				ALWAYS_SEARCH_USER_PATHS = NO;
				CLANG_CXX_LANGUAGE_STANDARD = "gnu++0x";
				CLANG_CXX_LIBRARY = "libc++";
				CLANG_ENABLE_MODULES = YES;
				CLANG_ENABLE_OBJC_ARC = YES;
				CLANG_WARN_BOOL_CONVERSION = YES;
				CLANG_WARN_CONSTANT_CONVERSION = YES;
				CLANG_WARN_DIRECT_OBJC_ISA_USAGE = YES_ERROR;
				CLANG_WARN_EMPTY_BODY = YES;
				CLANG_WARN_ENUM_CONVERSION = YES;
				CLANG_WARN_INT_CONVERSION = YES;
				CLANG_WARN_OBJC_ROOT_CLASS = YES_ERROR;
				CLANG_WARN_UNREACHABLE_CODE = YES;
				CLANG_WARN__DUPLICATE_METHOD_MATCH = YES;
				"CODE_SIGN_IDENTITY[sdk=iphoneos*]" = "";
				COPY_PHASE_STRIP = YES;
				ENABLE_NS_ASSERTIONS = NO;
				ENABLE_STRICT_OBJC_MSGSEND = YES;
				GCC_C_LANGUAGE_STANDARD = gnu99;
				GCC_WARN_64_TO_32_BIT_CONVERSION = YES;
				GCC_WARN_ABOUT_RETURN_TYPE = YES_ERROR;
				GCC_WARN_UNDECLARED_SELECTOR = YES;
				GCC_WARN_UNINITIALIZED_AUTOS = YES_AGGRESSIVE;
				GCC_WARN_UNUSED_FUNCTION = YES;
				GCC_WARN_UNUSED_VARIABLE = YES;
				HEADER_SEARCH_PATHS = (
					"$(inherited)",
					"/Applications/Xcode6-Beta.app/Contents/Developer/Toolchains/XcodeDefault.xctoolchain/usr/include",
				);
				"HEADER_SEARCH_PATHS[arch=*]" = "$(SDKROOT)/usr/include/libxml2 ";
				IPHONEOS_DEPLOYMENT_TARGET = 8.0;
				METAL_ENABLE_DEBUG_INFO = NO;
				SDKROOT = iphoneos;
				TARGETED_DEVICE_FAMILY = "1,2";
				VALIDATE_PRODUCT = YES;
			};
			name = Release;
		};
		A089FC2D19A1A18200504A46 /* Debug */ = {
			isa = XCBuildConfiguration;
			buildSettings = {
				ASSETCATALOG_COMPILER_APPICON_NAME = AppIcon;
				ASSETCATALOG_COMPILER_LAUNCHIMAGE_NAME = LaunchImage;
				CODE_SIGN_IDENTITY = "iPhone Developer";
				"HEADER_SEARCH_PATHS[arch=*]" = (
					"$(inherited)",
					"/Applications/Xcode6-Beta.app/Contents/Developer/Toolchains/XcodeDefault.xctoolchain/usr/include",
				);
				INFOPLIST_FILE = ABCNPIYDB/Info.plist;
				IPHONEOS_DEPLOYMENT_TARGET = 8.0;
				LD_RUNPATH_SEARCH_PATHS = "$(inherited) @executable_path/Frameworks";
				PRODUCT_NAME = "$(TARGET_NAME)";
				TARGETED_DEVICE_FAMILY = "1,2";
			};
			name = Debug;
		};
		A089FC2E19A1A18200504A46 /* Release */ = {
			isa = XCBuildConfiguration;
			buildSettings = {
				ASSETCATALOG_COMPILER_APPICON_NAME = AppIcon;
				ASSETCATALOG_COMPILER_LAUNCHIMAGE_NAME = LaunchImage;
				CODE_SIGN_IDENTITY = "iPhone Developer";
				"HEADER_SEARCH_PATHS[arch=*]" = (
					"$(inherited)",
					"/Applications/Xcode6-Beta.app/Contents/Developer/Toolchains/XcodeDefault.xctoolchain/usr/include",
					"$(SDKROOT)/usr/include/libxml2",
				);
				INFOPLIST_FILE = ABCNPIYDB/Info.plist;
				IPHONEOS_DEPLOYMENT_TARGET = 8.0;
				LD_RUNPATH_SEARCH_PATHS = "$(inherited) @executable_path/Frameworks";
				PRODUCT_NAME = "$(TARGET_NAME)";
				TARGETED_DEVICE_FAMILY = "1,2";
			};
			name = Release;
		};
/* End XCBuildConfiguration section */

/* Begin XCConfigurationList section */
		A089FC0D19A1A18200504A46 /* Build configuration list for PBXProject "ABCNPIYDB" */ = {
			isa = XCConfigurationList;
			buildConfigurations = (
				A089FC2A19A1A18200504A46 /* Debug */,
				A089FC2B19A1A18200504A46 /* Release */,
			);
			defaultConfigurationIsVisible = 0;
			defaultConfigurationName = Release;
		};
		A089FC2C19A1A18200504A46 /* Build configuration list for PBXNativeTarget "ABCNPIYDB" */ = {
			isa = XCConfigurationList;
			buildConfigurations = (
				A089FC2D19A1A18200504A46 /* Debug */,
				A089FC2E19A1A18200504A46 /* Release */,
			);
			defaultConfigurationIsVisible = 0;
			defaultConfigurationName = Release;
		};
/* End XCConfigurationList section */
	};
	rootObject = A089FC0A19A1A18200504A46 /* Project object */;
}
